// !$*UTF8*$!
{
	archiveVersion = 1;
	classes = {
	};
	objectVersion = 55;
	objects = {

/* Begin PBXBuildFile section */
		E20E8A68292DC087005D09C9 /* Sport.swift in Sources */ = {isa = PBXBuildFile; fileRef = E20E8A67292DC087005D09C9 /* Sport.swift */; };
		E20E8A6A292DC09D005D09C9 /* ViewModel.swift in Sources */ = {isa = PBXBuildFile; fileRef = E20E8A69292DC09D005D09C9 /* ViewModel.swift */; };
		E21338F02940F42300BDEB62 /* TeamRowView.swift in Sources */ = {isa = PBXBuildFile; fileRef = E21338EF2940F42300BDEB62 /* TeamRowView.swift */; };
		E29042F6293C55FB00598ABE /* CreateView.swift in Sources */ = {isa = PBXBuildFile; fileRef = E29042F5293C55FB00598ABE /* CreateView.swift */; };
		E2B5C64F292E56E0003C040A /* sports.json in Resources */ = {isa = PBXBuildFile; fileRef = E2B5C64E292E56E0003C040A /* sports.json */; };
		E2B5C651292E5B50003C040A /* Team.swift in Sources */ = {isa = PBXBuildFile; fileRef = E2B5C650292E5B50003C040A /* Team.swift */; };
		E2C6C39A29232033004BD2A4 /* WolverineSportApp.swift in Sources */ = {isa = PBXBuildFile; fileRef = E2C6C39929232033004BD2A4 /* WolverineSportApp.swift */; };
		E2C6C39C29232033004BD2A4 /* ContentView.swift in Sources */ = {isa = PBXBuildFile; fileRef = E2C6C39B29232033004BD2A4 /* ContentView.swift */; };
		E2C6C39E29232035004BD2A4 /* Assets.xcassets in Resources */ = {isa = PBXBuildFile; fileRef = E2C6C39D29232035004BD2A4 /* Assets.xcassets */; };
		E2C6C3A129232035004BD2A4 /* Preview Assets.xcassets in Resources */ = {isa = PBXBuildFile; fileRef = E2C6C3A029232035004BD2A4 /* Preview Assets.xcassets */; };
		E2C6C3A829232116004BD2A4 /* TeamView.swift in Sources */ = {isa = PBXBuildFile; fileRef = E2C6C3A729232116004BD2A4 /* TeamView.swift */; };
		E2C6C3AA29232154004BD2A4 /* SportsView.swift in Sources */ = {isa = PBXBuildFile; fileRef = E2C6C3A929232154004BD2A4 /* SportsView.swift */; };
		E2C6C3AC2923223A004BD2A4 /* TestView.swift in Sources */ = {isa = PBXBuildFile; fileRef = E2C6C3AB2923223A004BD2A4 /* TestView.swift */; };
		E2C6C3AE292322AD004BD2A4 /* ProfileView.swift in Sources */ = {isa = PBXBuildFile; fileRef = E2C6C3AD292322AD004BD2A4 /* ProfileView.swift */; };
		E2C6C3B0292322CB004BD2A4 /* MapView.swift in Sources */ = {isa = PBXBuildFile; fileRef = E2C6C3AF292322CB004BD2A4 /* MapView.swift */; };
		E2C6C3B2292322FE004BD2A4 /* GameView.swift in Sources */ = {isa = PBXBuildFile; fileRef = E2C6C3B1292322FE004BD2A4 /* GameView.swift */; };
		E2C6C3B42923231E004BD2A4 /* CalendarView.swift in Sources */ = {isa = PBXBuildFile; fileRef = E2C6C3B32923231E004BD2A4 /* CalendarView.swift */; };
		E2C6C3B629232359004BD2A4 /* HomeView.swift in Sources */ = {isa = PBXBuildFile; fileRef = E2C6C3B529232359004BD2A4 /* HomeView.swift */; };
		E2C6C3B82923269B004BD2A4 /* ActivityView.swift in Sources */ = {isa = PBXBuildFile; fileRef = E2C6C3B72923269B004BD2A4 /* ActivityView.swift */; };
/* End PBXBuildFile section */

/* Begin PBXFileReference section */
		E20E8A67292DC087005D09C9 /* Sport.swift */ = {isa = PBXFileReference; lastKnownFileType = sourcecode.swift; path = Sport.swift; sourceTree = "<group>"; };
		E20E8A69292DC09D005D09C9 /* ViewModel.swift */ = {isa = PBXFileReference; lastKnownFileType = sourcecode.swift; path = ViewModel.swift; sourceTree = "<group>"; };
		E21338EF2940F42300BDEB62 /* TeamRowView.swift */ = {isa = PBXFileReference; lastKnownFileType = sourcecode.swift; path = TeamRowView.swift; sourceTree = "<group>"; };
		E29042F5293C55FB00598ABE /* CreateView.swift */ = {isa = PBXFileReference; lastKnownFileType = sourcecode.swift; path = CreateView.swift; sourceTree = "<group>"; };
		E2B5C64E292E56E0003C040A /* sports.json */ = {isa = PBXFileReference; lastKnownFileType = text.json; name = sports.json; path = ViewModels/sports.json; sourceTree = "<group>"; };
		E2B5C650292E5B50003C040A /* Team.swift */ = {isa = PBXFileReference; lastKnownFileType = sourcecode.swift; path = Team.swift; sourceTree = "<group>"; };
		E2C6C39629232033004BD2A4 /* WolverineSport.app */ = {isa = PBXFileReference; explicitFileType = wrapper.application; includeInIndex = 0; path = WolverineSport.app; sourceTree = BUILT_PRODUCTS_DIR; };
		E2C6C39929232033004BD2A4 /* WolverineSportApp.swift */ = {isa = PBXFileReference; lastKnownFileType = sourcecode.swift; path = WolverineSportApp.swift; sourceTree = "<group>"; };
		E2C6C39B29232033004BD2A4 /* ContentView.swift */ = {isa = PBXFileReference; lastKnownFileType = sourcecode.swift; path = ContentView.swift; sourceTree = "<group>"; };
		E2C6C39D29232035004BD2A4 /* Assets.xcassets */ = {isa = PBXFileReference; lastKnownFileType = folder.assetcatalog; path = Assets.xcassets; sourceTree = "<group>"; };
		E2C6C3A029232035004BD2A4 /* Preview Assets.xcassets */ = {isa = PBXFileReference; lastKnownFileType = folder.assetcatalog; path = "Preview Assets.xcassets"; sourceTree = "<group>"; };
		E2C6C3A729232116004BD2A4 /* TeamView.swift */ = {isa = PBXFileReference; lastKnownFileType = sourcecode.swift; path = TeamView.swift; sourceTree = "<group>"; };
		E2C6C3A929232154004BD2A4 /* SportsView.swift */ = {isa = PBXFileReference; lastKnownFileType = sourcecode.swift; path = SportsView.swift; sourceTree = "<group>"; };
		E2C6C3AB2923223A004BD2A4 /* TestView.swift */ = {isa = PBXFileReference; lastKnownFileType = sourcecode.swift; path = TestView.swift; sourceTree = "<group>"; };
		E2C6C3AD292322AD004BD2A4 /* ProfileView.swift */ = {isa = PBXFileReference; lastKnownFileType = sourcecode.swift; path = ProfileView.swift; sourceTree = "<group>"; };
		E2C6C3AF292322CB004BD2A4 /* MapView.swift */ = {isa = PBXFileReference; lastKnownFileType = sourcecode.swift; path = MapView.swift; sourceTree = "<group>"; };
		E2C6C3B1292322FE004BD2A4 /* GameView.swift */ = {isa = PBXFileReference; lastKnownFileType = sourcecode.swift; path = GameView.swift; sourceTree = "<group>"; };
		E2C6C3B32923231E004BD2A4 /* CalendarView.swift */ = {isa = PBXFileReference; lastKnownFileType = sourcecode.swift; path = CalendarView.swift; sourceTree = "<group>"; };
		E2C6C3B529232359004BD2A4 /* HomeView.swift */ = {isa = PBXFileReference; lastKnownFileType = sourcecode.swift; path = HomeView.swift; sourceTree = "<group>"; };
		E2C6C3B72923269B004BD2A4 /* ActivityView.swift */ = {isa = PBXFileReference; lastKnownFileType = sourcecode.swift; path = ActivityView.swift; sourceTree = "<group>"; };
/* End PBXFileReference section */

/* Begin PBXFrameworksBuildPhase section */
		E2C6C39329232033004BD2A4 /* Frameworks */ = {
			isa = PBXFrameworksBuildPhase;
			buildActionMask = 2147483647;
			files = (
			);
			runOnlyForDeploymentPostprocessing = 0;
		};
/* End PBXFrameworksBuildPhase section */

/* Begin PBXGroup section */
		E20E8A65292DC032005D09C9 /* Models */ = {
			isa = PBXGroup;
			children = (
				E20E8A67292DC087005D09C9 /* Sport.swift */,
				E2B5C650292E5B50003C040A /* Team.swift */,
				E21338EF2940F42300BDEB62 /* TeamRowView.swift */,
			);
			path = Models;
			sourceTree = "<group>";
		};
		E20E8A66292DC043005D09C9 /* ViewModels */ = {
			isa = PBXGroup;
			children = (
				E20E8A69292DC09D005D09C9 /* ViewModel.swift */,
			);
			path = ViewModels;
			sourceTree = "<group>";
		};
		E2C6C38D29232033004BD2A4 = {
			isa = PBXGroup;
			children = (
				E2C6C39829232033004BD2A4 /* WolverineSport */,
				E2C6C39729232033004BD2A4 /* Products */,
			);
			sourceTree = "<group>";
		};
		E2C6C39729232033004BD2A4 /* Products */ = {
			isa = PBXGroup;
			children = (
				E2C6C39629232033004BD2A4 /* WolverineSport.app */,
			);
			name = Products;
			sourceTree = "<group>";
		};
		E2C6C39829232033004BD2A4 /* WolverineSport */ = {
			isa = PBXGroup;
			children = (
				E2B5C64E292E56E0003C040A /* sports.json */,
				E20E8A66292DC043005D09C9 /* ViewModels */,
				E20E8A65292DC032005D09C9 /* Models */,
				E2C6C39929232033004BD2A4 /* WolverineSportApp.swift */,
				E2C6C39B29232033004BD2A4 /* ContentView.swift */,
				E2C6C3B72923269B004BD2A4 /* ActivityView.swift */,
				E2C6C3B529232359004BD2A4 /* HomeView.swift */,
				E2C6C3A729232116004BD2A4 /* TeamView.swift */,
				E2C6C3A929232154004BD2A4 /* SportsView.swift */,
				E2C6C3B1292322FE004BD2A4 /* GameView.swift */,
				E2C6C3B32923231E004BD2A4 /* CalendarView.swift */,
				E2C6C3AD292322AD004BD2A4 /* ProfileView.swift */,
				E2C6C3AF292322CB004BD2A4 /* MapView.swift */,
				E2C6C3AB2923223A004BD2A4 /* TestView.swift */,
				E29042F5293C55FB00598ABE /* CreateView.swift */,
				E2C6C39D29232035004BD2A4 /* Assets.xcassets */,
				E2C6C39F29232035004BD2A4 /* Preview Content */,
			);
			path = WolverineSport;
			sourceTree = "<group>";
		};
		E2C6C39F29232035004BD2A4 /* Preview Content */ = {
			isa = PBXGroup;
			children = (
				E2C6C3A029232035004BD2A4 /* Preview Assets.xcassets */,
			);
			path = "Preview Content";
			sourceTree = "<group>";
		};
/* End PBXGroup section */

/* Begin PBXNativeTarget section */
		E2C6C39529232033004BD2A4 /* WolverineSport */ = {
			isa = PBXNativeTarget;
			buildConfigurationList = E2C6C3A429232035004BD2A4 /* Build configuration list for PBXNativeTarget "WolverineSport" */;
			buildPhases = (
				E2C6C39229232033004BD2A4 /* Sources */,
				E2C6C39329232033004BD2A4 /* Frameworks */,
				E2C6C39429232033004BD2A4 /* Resources */,
			);
			buildRules = (
			);
			dependencies = (
			);
			name = WolverineSport;
			productName = WolverineSport;
			productReference = E2C6C39629232033004BD2A4 /* WolverineSport.app */;
			productType = "com.apple.product-type.application";
		};
/* End PBXNativeTarget section */

/* Begin PBXProject section */
		E2C6C38E29232033004BD2A4 /* Project object */ = {
			isa = PBXProject;
			attributes = {
				BuildIndependentTargetsInParallel = 1;
				LastSwiftUpdateCheck = 1410;
				LastUpgradeCheck = 1410;
				TargetAttributes = {
					E2C6C39529232033004BD2A4 = {
						CreatedOnToolsVersion = 14.1;
					};
				};
			};
			buildConfigurationList = E2C6C39129232033004BD2A4 /* Build configuration list for PBXProject "WolverineSport" */;
			compatibilityVersion = "Xcode 13.0";
			developmentRegion = en;
			hasScannedForEncodings = 0;
			knownRegions = (
				en,
				Base,
			);
			mainGroup = E2C6C38D29232033004BD2A4;
			productRefGroup = E2C6C39729232033004BD2A4 /* Products */;
			projectDirPath = "";
			projectRoot = "";
			targets = (
				E2C6C39529232033004BD2A4 /* WolverineSport */,
			);
		};
/* End PBXProject section */

/* Begin PBXResourcesBuildPhase section */
		E2C6C39429232033004BD2A4 /* Resources */ = {
			isa = PBXResourcesBuildPhase;
			buildActionMask = 2147483647;
			files = (
				E2C6C3A129232035004BD2A4 /* Preview Assets.xcassets in Resources */,
				E2C6C39E29232035004BD2A4 /* Assets.xcassets in Resources */,
				E2B5C64F292E56E0003C040A /* sports.json in Resources */,
			);
			runOnlyForDeploymentPostprocessing = 0;
		};
/* End PBXResourcesBuildPhase section */

/* Begin PBXSourcesBuildPhase section */
		E2C6C39229232033004BD2A4 /* Sources */ = {
			isa = PBXSourcesBuildPhase;
			buildActionMask = 2147483647;
			files = (
				E2C6C3B82923269B004BD2A4 /* ActivityView.swift in Sources */,
				E2C6C3B0292322CB004BD2A4 /* MapView.swift in Sources */,
				E2B5C651292E5B50003C040A /* Team.swift in Sources */,
				E2C6C39C29232033004BD2A4 /* ContentView.swift in Sources */,
				E29042F6293C55FB00598ABE /* CreateView.swift in Sources */,
				E2C6C3AC2923223A004BD2A4 /* TestView.swift in Sources */,
				E21338F02940F42300BDEB62 /* TeamRowView.swift in Sources */,
				E2C6C3B629232359004BD2A4 /* HomeView.swift in Sources */,
				E2C6C3AA29232154004BD2A4 /* SportsView.swift in Sources */,
				E20E8A6A292DC09D005D09C9 /* ViewModel.swift in Sources */,
				E2C6C39A29232033004BD2A4 /* WolverineSportApp.swift in Sources */,
				E2C6C3B42923231E004BD2A4 /* CalendarView.swift in Sources */,
				E2C6C3AE292322AD004BD2A4 /* ProfileView.swift in Sources */,
				E2C6C3B2292322FE004BD2A4 /* GameView.swift in Sources */,
				E20E8A68292DC087005D09C9 /* Sport.swift in Sources */,
				E2C6C3A829232116004BD2A4 /* TeamView.swift in Sources */,
			);
			runOnlyForDeploymentPostprocessing = 0;
		};
/* End PBXSourcesBuildPhase section */

/* Begin XCBuildConfiguration section */
		E2C6C3A229232035004BD2A4 /* Debug */ = {
			isa = XCBuildConfiguration;
			buildSettings = {
				ALWAYS_SEARCH_USER_PATHS = NO;
				CLANG_ANALYZER_NONNULL = YES;
				CLANG_ANALYZER_NUMBER_OBJECT_CONVERSION = YES_AGGRESSIVE;
				CLANG_CXX_LANGUAGE_STANDARD = "gnu++20";
				CLANG_ENABLE_MODULES = YES;
				CLANG_ENABLE_OBJC_ARC = YES;
				CLANG_ENABLE_OBJC_WEAK = YES;
				CLANG_WARN_BLOCK_CAPTURE_AUTORELEASING = YES;
				CLANG_WARN_BOOL_CONVERSION = YES;
				CLANG_WARN_COMMA = YES;
				CLANG_WARN_CONSTANT_CONVERSION = YES;
				CLANG_WARN_DEPRECATED_OBJC_IMPLEMENTATIONS = YES;
				CLANG_WARN_DIRECT_OBJC_ISA_USAGE = YES_ERROR;
				CLANG_WARN_DOCUMENTATION_COMMENTS = YES;
				CLANG_WARN_EMPTY_BODY = YES;
				CLANG_WARN_ENUM_CONVERSION = YES;
				CLANG_WARN_INFINITE_RECURSION = YES;
				CLANG_WARN_INT_CONVERSION = YES;
				CLANG_WARN_NON_LITERAL_NULL_CONVERSION = YES;
				CLANG_WARN_OBJC_IMPLICIT_RETAIN_SELF = YES;
				CLANG_WARN_OBJC_LITERAL_CONVERSION = YES;
				CLANG_WARN_OBJC_ROOT_CLASS = YES_ERROR;
				CLANG_WARN_QUOTED_INCLUDE_IN_FRAMEWORK_HEADER = YES;
				CLANG_WARN_RANGE_LOOP_ANALYSIS = YES;
				CLANG_WARN_STRICT_PROTOTYPES = YES;
				CLANG_WARN_SUSPICIOUS_MOVE = YES;
				CLANG_WARN_UNGUARDED_AVAILABILITY = YES_AGGRESSIVE;
				CLANG_WARN_UNREACHABLE_CODE = YES;
				CLANG_WARN__DUPLICATE_METHOD_MATCH = YES;
				COPY_PHASE_STRIP = NO;
				DEBUG_INFORMATION_FORMAT = dwarf;
				ENABLE_STRICT_OBJC_MSGSEND = YES;
				ENABLE_TESTABILITY = YES;
				GCC_C_LANGUAGE_STANDARD = gnu11;
				GCC_DYNAMIC_NO_PIC = NO;
				GCC_NO_COMMON_BLOCKS = YES;
				GCC_OPTIMIZATION_LEVEL = 0;
				GCC_PREPROCESSOR_DEFINITIONS = (
					"DEBUG=1",
					"$(inherited)",
				);
				GCC_WARN_64_TO_32_BIT_CONVERSION = YES;
				GCC_WARN_ABOUT_RETURN_TYPE = YES_ERROR;
				GCC_WARN_UNDECLARED_SELECTOR = YES;
				GCC_WARN_UNINITIALIZED_AUTOS = YES_AGGRESSIVE;
				GCC_WARN_UNUSED_FUNCTION = YES;
				GCC_WARN_UNUSED_VARIABLE = YES;
				IPHONEOS_DEPLOYMENT_TARGET = 16.1;
				MTL_ENABLE_DEBUG_INFO = INCLUDE_SOURCE;
				MTL_FAST_MATH = YES;
				ONLY_ACTIVE_ARCH = YES;
				SDKROOT = iphoneos;
				SWIFT_ACTIVE_COMPILATION_CONDITIONS = DEBUG;
				SWIFT_OPTIMIZATION_LEVEL = "-Onone";
			};
			name = Debug;
		};
		E2C6C3A329232035004BD2A4 /* Release */ = {
			isa = XCBuildConfiguration;
			buildSettings = {
				ALWAYS_SEARCH_USER_PATHS = NO;
				CLANG_ANALYZER_NONNULL = YES;
				CLANG_ANALYZER_NUMBER_OBJECT_CONVERSION = YES_AGGRESSIVE;
				CLANG_CXX_LANGUAGE_STANDARD = "gnu++20";
				CLANG_ENABLE_MODULES = YES;
				CLANG_ENABLE_OBJC_ARC = YES;
				CLANG_ENABLE_OBJC_WEAK = YES;
				CLANG_WARN_BLOCK_CAPTURE_AUTORELEASING = YES;
				CLANG_WARN_BOOL_CONVERSION = YES;
				CLANG_WARN_COMMA = YES;
				CLANG_WARN_CONSTANT_CONVERSION = YES;
				CLANG_WARN_DEPRECATED_OBJC_IMPLEMENTATIONS = YES;
				CLANG_WARN_DIRECT_OBJC_ISA_USAGE = YES_ERROR;
				CLANG_WARN_DOCUMENTATION_COMMENTS = YES;
				CLANG_WARN_EMPTY_BODY = YES;
				CLANG_WARN_ENUM_CONVERSION = YES;
				CLANG_WARN_INFINITE_RECURSION = YES;
				CLANG_WARN_INT_CONVERSION = YES;
				CLANG_WARN_NON_LITERAL_NULL_CONVERSION = YES;
				CLANG_WARN_OBJC_IMPLICIT_RETAIN_SELF = YES;
				CLANG_WARN_OBJC_LITERAL_CONVERSION = YES;
				CLANG_WARN_OBJC_ROOT_CLASS = YES_ERROR;
				CLANG_WARN_QUOTED_INCLUDE_IN_FRAMEWORK_HEADER = YES;
				CLANG_WARN_RANGE_LOOP_ANALYSIS = YES;
				CLANG_WARN_STRICT_PROTOTYPES = YES;
				CLANG_WARN_SUSPICIOUS_MOVE = YES;
				CLANG_WARN_UNGUARDED_AVAILABILITY = YES_AGGRESSIVE;
				CLANG_WARN_UNREACHABLE_CODE = YES;
				CLANG_WARN__DUPLICATE_METHOD_MATCH = YES;
				COPY_PHASE_STRIP = NO;
				DEBUG_INFORMATION_FORMAT = "dwarf-with-dsym";
				ENABLE_NS_ASSERTIONS = NO;
				ENABLE_STRICT_OBJC_MSGSEND = YES;
				GCC_C_LANGUAGE_STANDARD = gnu11;
				GCC_NO_COMMON_BLOCKS = YES;
				GCC_WARN_64_TO_32_BIT_CONVERSION = YES;
				GCC_WARN_ABOUT_RETURN_TYPE = YES_ERROR;
				GCC_WARN_UNDECLARED_SELECTOR = YES;
				GCC_WARN_UNINITIALIZED_AUTOS = YES_AGGRESSIVE;
				GCC_WARN_UNUSED_FUNCTION = YES;
				GCC_WARN_UNUSED_VARIABLE = YES;
				IPHONEOS_DEPLOYMENT_TARGET = 16.1;
				MTL_ENABLE_DEBUG_INFO = NO;
				MTL_FAST_MATH = YES;
				SDKROOT = iphoneos;
				SWIFT_COMPILATION_MODE = wholemodule;
				SWIFT_OPTIMIZATION_LEVEL = "-O";
				VALIDATE_PRODUCT = YES;
			};
			name = Release;
		};
		E2C6C3A529232035004BD2A4 /* Debug */ = {
			isa = XCBuildConfiguration;
			buildSettings = {
				ASSETCATALOG_COMPILER_APPICON_NAME = AppIcon;
				ASSETCATALOG_COMPILER_GLOBAL_ACCENT_COLOR_NAME = AccentColor;
				CODE_SIGN_STYLE = Automatic;
				CURRENT_PROJECT_VERSION = 1;
				DEVELOPMENT_ASSET_PATHS = "\"WolverineSport/Preview Content\"";
				DEVELOPMENT_TEAM = WQ9MD4W93J;
				ENABLE_PREVIEWS = YES;
				GENERATE_INFOPLIST_FILE = YES;
				INFOPLIST_KEY_UIApplicationSceneManifest_Generation = YES;
				INFOPLIST_KEY_UIApplicationSupportsIndirectInputEvents = YES;
				INFOPLIST_KEY_UILaunchScreen_Generation = YES;
				INFOPLIST_KEY_UISupportedInterfaceOrientations_iPad = "UIInterfaceOrientationPortrait UIInterfaceOrientationPortraitUpsideDown UIInterfaceOrientationLandscapeLeft UIInterfaceOrientationLandscapeRight";
				INFOPLIST_KEY_UISupportedInterfaceOrientations_iPhone = "UIInterfaceOrientationPortrait UIInterfaceOrientationLandscapeLeft UIInterfaceOrientationLandscapeRight";
				IPHONEOS_DEPLOYMENT_TARGET = 15.5;
				LD_RUNPATH_SEARCH_PATHS = (
					"$(inherited)",
					"@executable_path/Frameworks",
				);
				MARKETING_VERSION = 1.0;
				PRODUCT_BUNDLE_IDENTIFIER = zacko.WolverineSport;
				PRODUCT_NAME = "$(TARGET_NAME)";
				SWIFT_EMIT_LOC_STRINGS = YES;
				SWIFT_VERSION = 5.0;
				TARGETED_DEVICE_FAMILY = "1,2";
			};
			name = Debug;
		};
		E2C6C3A629232035004BD2A4 /* Release */ = {
			isa = XCBuildConfiguration;
			buildSettings = {
				ASSETCATALOG_COMPILER_APPICON_NAME = AppIcon;
				ASSETCATALOG_COMPILER_GLOBAL_ACCENT_COLOR_NAME = AccentColor;
				CODE_SIGN_STYLE = Automatic;
				CURRENT_PROJECT_VERSION = 1;
				DEVELOPMENT_ASSET_PATHS = "\"WolverineSport/Preview Content\"";
				DEVELOPMENT_TEAM = WQ9MD4W93J;
				ENABLE_PREVIEWS = YES;
				GENERATE_INFOPLIST_FILE = YES;
				INFOPLIST_KEY_UIApplicationSceneManifest_Generation = YES;
				INFOPLIST_KEY_UIApplicationSupportsIndirectInputEvents = YES;
				INFOPLIST_KEY_UILaunchScreen_Generation = YES;
				INFOPLIST_KEY_UISupportedInterfaceOrientations_iPad = "UIInterfaceOrientationPortrait UIInterfaceOrientationPortraitUpsideDown UIInterfaceOrientationLandscapeLeft UIInterfaceOrientationLandscapeRight";
				INFOPLIST_KEY_UISupportedInterfaceOrientations_iPhone = "UIInterfaceOrientationPortrait UIInterfaceOrientationLandscapeLeft UIInterfaceOrientationLandscapeRight";
				IPHONEOS_DEPLOYMENT_TARGET = 15.5;
				LD_RUNPATH_SEARCH_PATHS = (
					"$(inherited)",
					"@executable_path/Frameworks",
				);
				MARKETING_VERSION = 1.0;
				PRODUCT_BUNDLE_IDENTIFIER = zacko.WolverineSport;
				PRODUCT_NAME = "$(TARGET_NAME)";
				SWIFT_EMIT_LOC_STRINGS = YES;
				SWIFT_VERSION = 5.0;
				TARGETED_DEVICE_FAMILY = "1,2";
			};
			name = Release;
		};
/* End XCBuildConfiguration section */

/* Begin XCConfigurationList section */
		E2C6C39129232033004BD2A4 /* Build configuration list for PBXProject "WolverineSport" */ = {
			isa = XCConfigurationList;
			buildConfigurations = (
				E2C6C3A229232035004BD2A4 /* Debug */,
				E2C6C3A329232035004BD2A4 /* Release */,
			);
			defaultConfigurationIsVisible = 0;
			defaultConfigurationName = Release;
		};
		E2C6C3A429232035004BD2A4 /* Build configuration list for PBXNativeTarget "WolverineSport" */ = {
			isa = XCConfigurationList;
			buildConfigurations = (
				E2C6C3A529232035004BD2A4 /* Debug */,
				E2C6C3A629232035004BD2A4 /* Release */,
			);
			defaultConfigurationIsVisible = 0;
			defaultConfigurationName = Release;
		};
/* End XCConfigurationList section */
	};
	rootObject = E2C6C38E29232033004BD2A4 /* Project object */;
}
